// !$*UTF8*$!
{
	archiveVersion = 1;
	classes = {
	};
	objectVersion = 46;
	objects = {

/* Begin PBXBuildFile section */
		0091D8F90E81B9330029341E /* OpenGL.framework in Frameworks */ = {isa = PBXBuildFile; fileRef = 0091D8F80E81B9330029341E /* OpenGL.framework */; };
		0097E3E50F3E9819005A4392 /* QuickTime.framework in Frameworks */ = {isa = PBXBuildFile; fileRef = 0097E3E40F3E9819005A4392 /* QuickTime.framework */; };
		00B784B30FF439BC000DE1D7 /* Accelerate.framework in Frameworks */ = {isa = PBXBuildFile; fileRef = 00B784AF0FF439BC000DE1D7 /* Accelerate.framework */; };
		00B784B40FF439BC000DE1D7 /* AudioToolbox.framework in Frameworks */ = {isa = PBXBuildFile; fileRef = 00B784B00FF439BC000DE1D7 /* AudioToolbox.framework */; };
		00B784B50FF439BC000DE1D7 /* AudioUnit.framework in Frameworks */ = {isa = PBXBuildFile; fileRef = 00B784B10FF439BC000DE1D7 /* AudioUnit.framework */; };
		00B784B60FF439BC000DE1D7 /* CoreAudio.framework in Frameworks */ = {isa = PBXBuildFile; fileRef = 00B784B20FF439BC000DE1D7 /* CoreAudio.framework */; };
		00CCAF15116A9FEE008396D5 /* CinderApp.icns in Resources */ = {isa = PBXBuildFile; fileRef = 00CCAF14116A9FEE008396D5 /* CinderApp.icns */; };
		1B09CABC15A385920086B68B /* m1.mp4 in Resources */ = {isa = PBXBuildFile; fileRef = 1B09CABB15A385920086B68B /* m1.mp4 */; };
		1B09CABE15A385990086B68B /* m2.m4v in Resources */ = {isa = PBXBuildFile; fileRef = 1B09CABD15A385990086B68B /* m2.m4v */; };
		1B09CAC015A385A10086B68B /* m3.mp4 in Resources */ = {isa = PBXBuildFile; fileRef = 1B09CABF15A385A10086B68B /* m3.mp4 */; };
		1B1C425D15A73FF200CC936A /* USER_AREAS.xml in Resources */ = {isa = PBXBuildFile; fileRef = 1B1C425C15A73FF200CC936A /* USER_AREAS.xml */; };
		320B33D515C985CB003AB00F /* area_background.png in Resources */ = {isa = PBXBuildFile; fileRef = 320B33D415C985CB003AB00F /* area_background.png */; };
		320B342315CB128D003AB00F /* Button.cpp in Sources */ = {isa = PBXBuildFile; fileRef = 320B341D15CB128D003AB00F /* Button.cpp */; };
		320B342415CB128D003AB00F /* CinderProjectApp.cpp in Sources */ = {isa = PBXBuildFile; fileRef = 320B341E15CB128D003AB00F /* CinderProjectApp.cpp */; };
		320B342515CB128D003AB00F /* Image.cpp in Sources */ = {isa = PBXBuildFile; fileRef = 320B341F15CB128D003AB00F /* Image.cpp */; };
		320B342615CB128D003AB00F /* TwoStateButton.cpp in Sources */ = {isa = PBXBuildFile; fileRef = 320B342015CB128D003AB00F /* TwoStateButton.cpp */; };
		320B342715CB128D003AB00F /* UserArea.cpp in Sources */ = {isa = PBXBuildFile; fileRef = 320B342115CB128D003AB00F /* UserArea.cpp */; };
		320B342815CB128D003AB00F /* VideoPlayer.cpp in Sources */ = {isa = PBXBuildFile; fileRef = 320B342215CB128D003AB00F /* VideoPlayer.cpp */; };
		320B342C15CB1CAF003AB00F /* GalleryHelper.cpp in Sources */ = {isa = PBXBuildFile; fileRef = 320B342A15CB1CAF003AB00F /* GalleryHelper.cpp */; };
		320B342F15CC2EC9003AB00F /* active_area.png in Resources */ = {isa = PBXBuildFile; fileRef = 320B342E15CC2EC9003AB00F /* active_area.png */; };
		320B343215CC5E62003AB00F /* RecipeView.cpp in Sources */ = {isa = PBXBuildFile; fileRef = 320B343015CC5E62003AB00F /* RecipeView.cpp */; };
		320B343715CC64F6003AB00F /* RECIPES.plist in Resources */ = {isa = PBXBuildFile; fileRef = 320B343615CC64F6003AB00F /* RECIPES.plist */; };
		3238EFFE15C712D6001BB4A1 /* PhidgetConnector.cpp in Sources */ = {isa = PBXBuildFile; fileRef = 3238EFFC15C712D6001BB4A1 /* PhidgetConnector.cpp */; };
		3238EFFF15C712D6001BB4A1 /* PhidgetModel.cpp in Sources */ = {isa = PBXBuildFile; fileRef = 3238EFFD15C712D6001BB4A1 /* PhidgetModel.cpp */; };
		3238F00115C71DFF001BB4A1 /* m1.mov in Resources */ = {isa = PBXBuildFile; fileRef = 3238F00015C71DFF001BB4A1 /* m1.mov */; };
		3238F00315C71E45001BB4A1 /* m2.mov in Resources */ = {isa = PBXBuildFile; fileRef = 3238F00215C71E45001BB4A1 /* m2.mov */; };
		3238F00515C71E6B001BB4A1 /* m3.mov in Resources */ = {isa = PBXBuildFile; fileRef = 3238F00415C71E6B001BB4A1 /* m3.mov */; };
		328DA9F815C6F92300E75A45 /* active.png in Resources */ = {isa = PBXBuildFile; fileRef = 328DA9F415C6F92300E75A45 /* active.png */; };
		328DA9F915C6F92300E75A45 /* area_background.jpg in Resources */ = {isa = PBXBuildFile; fileRef = 328DA9F515C6F92300E75A45 /* area_background.jpg */; };
		328DA9FA15C6F92300E75A45 /* background.jpg in Resources */ = {isa = PBXBuildFile; fileRef = 328DA9F615C6F92300E75A45 /* background.jpg */; };
		328DA9FB15C6F92300E75A45 /* inactive.png in Resources */ = {isa = PBXBuildFile; fileRef = 328DA9F715C6F92300E75A45 /* inactive.png */; };
		328DAA4415C6FDD600E75A45 /* Phidget21.framework in Frameworks */ = {isa = PBXBuildFile; fileRef = 328DAA2F15C6FDD600E75A45 /* Phidget21.framework */; };
		3295E55415D01A1800B63297 /* RecipeModel.cpp in Sources */ = {isa = PBXBuildFile; fileRef = 3295E55215D01A1800B63297 /* RecipeModel.cpp */; };
		329B28B615D00EC40021F656 /* AppModel.cpp in Sources */ = {isa = PBXBuildFile; fileRef = 329B28B415D00EC40021F656 /* AppModel.cpp */; };
		5323E6B20EAFCA74003A9687 /* CoreVideo.framework in Frameworks */ = {isa = PBXBuildFile; fileRef = 5323E6B10EAFCA74003A9687 /* CoreVideo.framework */; };
		5323E6B60EAFCA7E003A9687 /* QTKit.framework in Frameworks */ = {isa = PBXBuildFile; fileRef = 5323E6B50EAFCA7E003A9687 /* QTKit.framework */; };
		53E3CDFC0E86099300238D2B /* Carbon.framework in Frameworks */ = {isa = PBXBuildFile; fileRef = 53E3CDFB0E86099300238D2B /* Carbon.framework */; };
		8D11072F0486CEB800E47090 /* Cocoa.framework in Frameworks */ = {isa = PBXBuildFile; fileRef = 1058C7A1FEA54F0111CA2CBB /* Cocoa.framework */; };
/* End PBXBuildFile section */

/* Begin PBXFileReference section */
		0091D8F80E81B9330029341E /* OpenGL.framework */ = {isa = PBXFileReference; lastKnownFileType = wrapper.framework; name = OpenGL.framework; path = /System/Library/Frameworks/OpenGL.framework; sourceTree = "<absolute>"; };
		0097E3E40F3E9819005A4392 /* QuickTime.framework */ = {isa = PBXFileReference; lastKnownFileType = wrapper.framework; name = QuickTime.framework; path = /System/Library/Frameworks/QuickTime.framework; sourceTree = "<absolute>"; };
		00B784AF0FF439BC000DE1D7 /* Accelerate.framework */ = {isa = PBXFileReference; lastKnownFileType = wrapper.framework; name = Accelerate.framework; path = System/Library/Frameworks/Accelerate.framework; sourceTree = SDKROOT; };
		00B784B00FF439BC000DE1D7 /* AudioToolbox.framework */ = {isa = PBXFileReference; lastKnownFileType = wrapper.framework; name = AudioToolbox.framework; path = System/Library/Frameworks/AudioToolbox.framework; sourceTree = SDKROOT; };
		00B784B10FF439BC000DE1D7 /* AudioUnit.framework */ = {isa = PBXFileReference; lastKnownFileType = wrapper.framework; name = AudioUnit.framework; path = System/Library/Frameworks/AudioUnit.framework; sourceTree = SDKROOT; };
		00B784B20FF439BC000DE1D7 /* CoreAudio.framework */ = {isa = PBXFileReference; lastKnownFileType = wrapper.framework; name = CoreAudio.framework; path = System/Library/Frameworks/CoreAudio.framework; sourceTree = SDKROOT; };
		00CCAF14116A9FEE008396D5 /* CinderApp.icns */ = {isa = PBXFileReference; lastKnownFileType = image.icns; path = CinderApp.icns; sourceTree = SOURCE_ROOT; };
		1058C7A1FEA54F0111CA2CBB /* Cocoa.framework */ = {isa = PBXFileReference; lastKnownFileType = wrapper.framework; name = Cocoa.framework; path = /System/Library/Frameworks/Cocoa.framework; sourceTree = "<absolute>"; };
		13E42FB307B3F0F600E4EEF1 /* CoreData.framework */ = {isa = PBXFileReference; lastKnownFileType = wrapper.framework; name = CoreData.framework; path = /System/Library/Frameworks/CoreData.framework; sourceTree = "<absolute>"; };
		1B029E8E15A248D800FD18F5 /* UserArea.h */ = {isa = PBXFileReference; lastKnownFileType = sourcecode.c.h; name = UserArea.h; path = ../include/UserArea.h; sourceTree = "<group>"; };
		1B029E9115A24ABC00FD18F5 /* VideoPlayer.h */ = {isa = PBXFileReference; lastKnownFileType = sourcecode.c.h; name = VideoPlayer.h; path = ../include/VideoPlayer.h; sourceTree = "<group>"; };
		1B09CABB15A385920086B68B /* m1.mp4 */ = {isa = PBXFileReference; lastKnownFileType = file; name = m1.mp4; path = ../resources/m1.mp4; sourceTree = "<group>"; };
		1B09CABD15A385990086B68B /* m2.m4v */ = {isa = PBXFileReference; lastKnownFileType = file; name = m2.m4v; path = ../resources/m2.m4v; sourceTree = "<group>"; };
		1B09CABF15A385A10086B68B /* m3.mp4 */ = {isa = PBXFileReference; lastKnownFileType = file; name = m3.mp4; path = ../resources/m3.mp4; sourceTree = "<group>"; };
		1B1C425C15A73FF200CC936A /* USER_AREAS.xml */ = {isa = PBXFileReference; fileEncoding = 4; lastKnownFileType = text.xml; name = USER_AREAS.xml; path = ../resources/USER_AREAS.xml; sourceTree = "<group>"; };
		1BB7A7C215ACA24D00B2B72E /* Button.h */ = {isa = PBXFileReference; lastKnownFileType = sourcecode.c.h; name = Button.h; path = ../include/Button.h; sourceTree = "<group>"; };
		29B97324FDCFA39411CA2CEA /* AppKit.framework */ = {isa = PBXFileReference; lastKnownFileType = wrapper.framework; name = AppKit.framework; path = /System/Library/Frameworks/AppKit.framework; sourceTree = "<absolute>"; };
		29B97325FDCFA39411CA2CEA /* Foundation.framework */ = {isa = PBXFileReference; lastKnownFileType = wrapper.framework; name = Foundation.framework; path = /System/Library/Frameworks/Foundation.framework; sourceTree = "<absolute>"; };
		320B33D415C985CB003AB00F /* area_background.png */ = {isa = PBXFileReference; lastKnownFileType = image.png; name = area_background.png; path = ../resources/area_background.png; sourceTree = "<group>"; };
		320B340515CB0025003AB00F /* Image.h */ = {isa = PBXFileReference; fileEncoding = 4; lastKnownFileType = sourcecode.c.h; name = Image.h; path = ../include/Image.h; sourceTree = SOURCE_ROOT; };
		320B341015CB10A4003AB00F /* TwoStateButton.h */ = {isa = PBXFileReference; fileEncoding = 4; lastKnownFileType = sourcecode.c.h; name = TwoStateButton.h; path = ../include/TwoStateButton.h; sourceTree = "<group>"; };
		320B341D15CB128D003AB00F /* Button.cpp */ = {isa = PBXFileReference; fileEncoding = 4; lastKnownFileType = sourcecode.cpp.cpp; name = Button.cpp; path = ../src/Button.cpp; sourceTree = "<group>"; };
		320B341E15CB128D003AB00F /* CinderProjectApp.cpp */ = {isa = PBXFileReference; fileEncoding = 4; lastKnownFileType = sourcecode.cpp.cpp; name = CinderProjectApp.cpp; path = ../src/CinderProjectApp.cpp; sourceTree = "<group>"; };
		320B341F15CB128D003AB00F /* Image.cpp */ = {isa = PBXFileReference; fileEncoding = 4; lastKnownFileType = sourcecode.cpp.cpp; name = Image.cpp; path = ../src/Image.cpp; sourceTree = "<group>"; };
		320B342015CB128D003AB00F /* TwoStateButton.cpp */ = {isa = PBXFileReference; fileEncoding = 4; lastKnownFileType = sourcecode.cpp.cpp; name = TwoStateButton.cpp; path = ../src/TwoStateButton.cpp; sourceTree = "<group>"; };
		320B342115CB128D003AB00F /* UserArea.cpp */ = {isa = PBXFileReference; fileEncoding = 4; lastKnownFileType = sourcecode.cpp.cpp; name = UserArea.cpp; path = ../src/UserArea.cpp; sourceTree = "<group>"; };
		320B342215CB128D003AB00F /* VideoPlayer.cpp */ = {isa = PBXFileReference; fileEncoding = 4; lastKnownFileType = sourcecode.cpp.cpp; name = VideoPlayer.cpp; path = ../src/VideoPlayer.cpp; sourceTree = "<group>"; };
		320B342A15CB1CAF003AB00F /* GalleryHelper.cpp */ = {isa = PBXFileReference; fileEncoding = 4; lastKnownFileType = sourcecode.cpp.cpp; name = GalleryHelper.cpp; path = ../src/GalleryHelper.cpp; sourceTree = "<group>"; };
		320B342D15CC128E003AB00F /* GalleryHelper.h */ = {isa = PBXFileReference; lastKnownFileType = sourcecode.c.h; name = GalleryHelper.h; path = ../include/GalleryHelper.h; sourceTree = "<group>"; };
		320B342E15CC2EC9003AB00F /* active_area.png */ = {isa = PBXFileReference; lastKnownFileType = image.png; name = active_area.png; path = ../resources/active_area.png; sourceTree = "<group>"; };
		320B343015CC5E62003AB00F /* RecipeView.cpp */ = {isa = PBXFileReference; fileEncoding = 4; lastKnownFileType = sourcecode.cpp.cpp; name = RecipeView.cpp; path = ../src/RecipeView.cpp; sourceTree = "<group>"; };
		320B343115CC5E62003AB00F /* RecipeView.h */ = {isa = PBXFileReference; fileEncoding = 4; lastKnownFileType = sourcecode.c.h; name = RecipeView.h; path = ../include/RecipeView.h; sourceTree = "<group>"; };
		320B343615CC64F6003AB00F /* RECIPES.plist */ = {isa = PBXFileReference; fileEncoding = 4; lastKnownFileType = text.plist.xml; name = RECIPES.plist; path = ../resources/RECIPES.plist; sourceTree = "<group>"; };
		3238EFFC15C712D6001BB4A1 /* PhidgetConnector.cpp */ = {isa = PBXFileReference; fileEncoding = 4; lastKnownFileType = sourcecode.cpp.cpp; path = PhidgetConnector.cpp; sourceTree = "<group>"; };
		3238EFFD15C712D6001BB4A1 /* PhidgetModel.cpp */ = {isa = PBXFileReference; fileEncoding = 4; lastKnownFileType = sourcecode.cpp.cpp; path = PhidgetModel.cpp; sourceTree = "<group>"; };
		3238F00015C71DFF001BB4A1 /* m1.mov */ = {isa = PBXFileReference; lastKnownFileType = video.quicktime; name = m1.mov; path = ../resources/m1.mov; sourceTree = "<group>"; };
		3238F00215C71E45001BB4A1 /* m2.mov */ = {isa = PBXFileReference; lastKnownFileType = video.quicktime; name = m2.mov; path = ../resources/m2.mov; sourceTree = "<group>"; };
		3238F00415C71E6B001BB4A1 /* m3.mov */ = {isa = PBXFileReference; lastKnownFileType = video.quicktime; name = m3.mov; path = ../resources/m3.mov; sourceTree = "<group>"; };
		328DA9F415C6F92300E75A45 /* active.png */ = {isa = PBXFileReference; lastKnownFileType = image.png; name = active.png; path = ../resources/active.png; sourceTree = "<group>"; };
		328DA9F515C6F92300E75A45 /* area_background.jpg */ = {isa = PBXFileReference; lastKnownFileType = image.jpeg; name = area_background.jpg; path = ../resources/area_background.jpg; sourceTree = "<group>"; };
		328DA9F615C6F92300E75A45 /* background.jpg */ = {isa = PBXFileReference; lastKnownFileType = image.jpeg; name = background.jpg; path = ../resources/background.jpg; sourceTree = "<group>"; };
		328DA9F715C6F92300E75A45 /* inactive.png */ = {isa = PBXFileReference; lastKnownFileType = image.png; name = inactive.png; path = ../resources/inactive.png; sourceTree = "<group>"; };
		328DAA2C15C6FDD600E75A45 /* phidget21.h */ = {isa = PBXFileReference; fileEncoding = 4; lastKnownFileType = sourcecode.c.h; path = phidget21.h; sourceTree = "<group>"; };
		328DAA2F15C6FDD600E75A45 /* Phidget21.framework */ = {isa = PBXFileReference; lastKnownFileType = wrapper.framework; name = Phidget21.framework; path = ../../Cinder/blocks/phidgets/lib/macosx/Phidget21.framework; sourceTree = "<group>"; };
		328DAA4215C6FDD600E75A45 /* PhidgetConnector.h */ = {isa = PBXFileReference; fileEncoding = 4; lastKnownFileType = sourcecode.c.h; path = PhidgetConnector.h; sourceTree = "<group>"; };
		328DAA4315C6FDD600E75A45 /* PhidgetModel.h */ = {isa = PBXFileReference; fileEncoding = 4; lastKnownFileType = sourcecode.c.h; path = PhidgetModel.h; sourceTree = "<group>"; };
		3295E55215D01A1800B63297 /* RecipeModel.cpp */ = {isa = PBXFileReference; fileEncoding = 4; lastKnownFileType = sourcecode.cpp.cpp; name = RecipeModel.cpp; path = ../src/RecipeModel.cpp; sourceTree = "<group>"; };
		3295E55315D01A1800B63297 /* RecipeModel.h */ = {isa = PBXFileReference; fileEncoding = 4; lastKnownFileType = sourcecode.c.h; name = RecipeModel.h; path = ../src/RecipeModel.h; sourceTree = "<group>"; };
		329B28B415D00EC40021F656 /* AppModel.cpp */ = {isa = PBXFileReference; fileEncoding = 4; lastKnownFileType = sourcecode.cpp.cpp; name = AppModel.cpp; path = ../src/AppModel.cpp; sourceTree = "<group>"; };
		329B28B515D00EC40021F656 /* AppModel.h */ = {isa = PBXFileReference; fileEncoding = 4; lastKnownFileType = sourcecode.c.h; name = AppModel.h; path = ../src/AppModel.h; sourceTree = "<group>"; };
		32CA4F630368D1EE00C91783 /* CinderProject_Prefix.pch */ = {isa = PBXFileReference; fileEncoding = 4; lastKnownFileType = sourcecode.c.h; path = CinderProject_Prefix.pch; sourceTree = "<group>"; };
		5323E6B10EAFCA74003A9687 /* CoreVideo.framework */ = {isa = PBXFileReference; lastKnownFileType = wrapper.framework; name = CoreVideo.framework; path = /System/Library/Frameworks/CoreVideo.framework; sourceTree = "<absolute>"; };
		5323E6B50EAFCA7E003A9687 /* QTKit.framework */ = {isa = PBXFileReference; lastKnownFileType = wrapper.framework; name = QTKit.framework; path = /System/Library/Frameworks/QTKit.framework; sourceTree = "<absolute>"; };
		53E3CDFB0E86099300238D2B /* Carbon.framework */ = {isa = PBXFileReference; lastKnownFileType = wrapper.framework; name = Carbon.framework; path = /System/Library/Frameworks/Carbon.framework; sourceTree = "<absolute>"; };
		8D1107310486CEB800E47090 /* Info.plist */ = {isa = PBXFileReference; fileEncoding = 4; lastKnownFileType = text.plist.xml; path = Info.plist; sourceTree = "<group>"; };
		8D1107320486CEB800E47090 /* CinderProject.app */ = {isa = PBXFileReference; explicitFileType = wrapper.application; includeInIndex = 0; path = CinderProject.app; sourceTree = BUILT_PRODUCTS_DIR; };
/* End PBXFileReference section */

/* Begin PBXFrameworksBuildPhase section */
		8D11072E0486CEB800E47090 /* Frameworks */ = {
			isa = PBXFrameworksBuildPhase;
			buildActionMask = 2147483647;
			files = (
				8D11072F0486CEB800E47090 /* Cocoa.framework in Frameworks */,
				0091D8F90E81B9330029341E /* OpenGL.framework in Frameworks */,
				53E3CDFC0E86099300238D2B /* Carbon.framework in Frameworks */,
				5323E6B20EAFCA74003A9687 /* CoreVideo.framework in Frameworks */,
				5323E6B60EAFCA7E003A9687 /* QTKit.framework in Frameworks */,
				0097E3E50F3E9819005A4392 /* QuickTime.framework in Frameworks */,
				00B784B30FF439BC000DE1D7 /* Accelerate.framework in Frameworks */,
				00B784B40FF439BC000DE1D7 /* AudioToolbox.framework in Frameworks */,
				00B784B50FF439BC000DE1D7 /* AudioUnit.framework in Frameworks */,
				00B784B60FF439BC000DE1D7 /* CoreAudio.framework in Frameworks */,
				328DAA4415C6FDD600E75A45 /* Phidget21.framework in Frameworks */,
			);
			runOnlyForDeploymentPostprocessing = 0;
		};
/* End PBXFrameworksBuildPhase section */

/* Begin PBXGroup section */
		080E96DDFE201D6D7F000001 /* Source */ = {
			isa = PBXGroup;
			children = (
				3295E55215D01A1800B63297 /* RecipeModel.cpp */,
				320B342A15CB1CAF003AB00F /* GalleryHelper.cpp */,
				320B341D15CB128D003AB00F /* Button.cpp */,
				320B341E15CB128D003AB00F /* CinderProjectApp.cpp */,
				329B28B415D00EC40021F656 /* AppModel.cpp */,
				320B341F15CB128D003AB00F /* Image.cpp */,
				320B342015CB128D003AB00F /* TwoStateButton.cpp */,
				320B342115CB128D003AB00F /* UserArea.cpp */,
				320B343015CC5E62003AB00F /* RecipeView.cpp */,
				320B342215CB128D003AB00F /* VideoPlayer.cpp */,
			);
			name = Source;
			sourceTree = "<group>";
		};
		1058C7A0FEA54F0111CA2CBB /* Linked Frameworks */ = {
			isa = PBXGroup;
			children = (
				00B784AF0FF439BC000DE1D7 /* Accelerate.framework */,
				00B784B00FF439BC000DE1D7 /* AudioToolbox.framework */,
				00B784B10FF439BC000DE1D7 /* AudioUnit.framework */,
				00B784B20FF439BC000DE1D7 /* CoreAudio.framework */,
				0097E3E40F3E9819005A4392 /* QuickTime.framework */,
				5323E6B50EAFCA7E003A9687 /* QTKit.framework */,
				5323E6B10EAFCA74003A9687 /* CoreVideo.framework */,
				53E3CDFB0E86099300238D2B /* Carbon.framework */,
				0091D8F80E81B9330029341E /* OpenGL.framework */,
				1058C7A1FEA54F0111CA2CBB /* Cocoa.framework */,
			);
			name = "Linked Frameworks";
			sourceTree = "<group>";
		};
		1058C7A2FEA54F0111CA2CBB /* Other Frameworks */ = {
			isa = PBXGroup;
			children = (
				328DAA2F15C6FDD600E75A45 /* Phidget21.framework */,
				29B97324FDCFA39411CA2CEA /* AppKit.framework */,
				13E42FB307B3F0F600E4EEF1 /* CoreData.framework */,
				29B97325FDCFA39411CA2CEA /* Foundation.framework */,
			);
			name = "Other Frameworks";
			sourceTree = "<group>";
		};
		19C28FACFE9D520D11CA2CBB /* Products */ = {
			isa = PBXGroup;
			children = (
				8D1107320486CEB800E47090 /* CinderProject.app */,
			);
			name = Products;
			sourceTree = "<group>";
		};
		1B1C426715AB812300CC936A /* Blocks */ = {
			isa = PBXGroup;
			children = (
				328DAA2915C6FDD600E75A45 /* phidgets */,
			);
			name = Blocks;
			sourceTree = "<group>";
		};
		29B97314FDCFA39411CA2CEA /* CinderProject */ = {
			isa = PBXGroup;
			children = (
				1B1C426715AB812300CC936A /* Blocks */,
				29B97315FDCFA39411CA2CEA /* Headers */,
				080E96DDFE201D6D7F000001 /* Source */,
				29B97317FDCFA39411CA2CEA /* Resources */,
				29B97323FDCFA39411CA2CEA /* Frameworks */,
				19C28FACFE9D520D11CA2CBB /* Products */,
			);
			name = CinderProject;
			sourceTree = "<group>";
		};
		29B97315FDCFA39411CA2CEA /* Headers */ = {
			isa = PBXGroup;
			children = (
				320B343115CC5E62003AB00F /* RecipeView.h */,
				3295E55315D01A1800B63297 /* RecipeModel.h */,
				320B342D15CC128E003AB00F /* GalleryHelper.h */,
				320B340515CB0025003AB00F /* Image.h */,
				32CA4F630368D1EE00C91783 /* CinderProject_Prefix.pch */,
				1BB7A7C215ACA24D00B2B72E /* Button.h */,
				320B341015CB10A4003AB00F /* TwoStateButton.h */,
				1B029E9115A24ABC00FD18F5 /* VideoPlayer.h */,
				1B029E8E15A248D800FD18F5 /* UserArea.h */,
				329B28B515D00EC40021F656 /* AppModel.h */,
			);
			name = Headers;
			sourceTree = "<group>";
		};
		29B97317FDCFA39411CA2CEA /* Resources */ = {
			isa = PBXGroup;
			children = (
				320B342E15CC2EC9003AB00F /* active_area.png */,
				320B33D415C985CB003AB00F /* area_background.png */,
				3238F00415C71E6B001BB4A1 /* m3.mov */,
				3238F00215C71E45001BB4A1 /* m2.mov */,
				3238F00015C71DFF001BB4A1 /* m1.mov */,
				328DA9F415C6F92300E75A45 /* active.png */,
				328DA9F515C6F92300E75A45 /* area_background.jpg */,
				328DA9F615C6F92300E75A45 /* background.jpg */,
				328DA9F715C6F92300E75A45 /* inactive.png */,
				1B1C425C15A73FF200CC936A /* USER_AREAS.xml */,
				320B343615CC64F6003AB00F /* RECIPES.plist */,
				1B09CABF15A385A10086B68B /* m3.mp4 */,
				1B09CABD15A385990086B68B /* m2.m4v */,
				1B09CABB15A385920086B68B /* m1.mp4 */,
				8D1107310486CEB800E47090 /* Info.plist */,
				00CCAF14116A9FEE008396D5 /* CinderApp.icns */,
			);
			name = Resources;
			sourceTree = "<group>";
		};
		29B97323FDCFA39411CA2CEA /* Frameworks */ = {
			isa = PBXGroup;
			children = (
				1058C7A0FEA54F0111CA2CBB /* Linked Frameworks */,
				1058C7A2FEA54F0111CA2CBB /* Other Frameworks */,
			);
			name = Frameworks;
			sourceTree = "<group>";
		};
		328DAA2915C6FDD600E75A45 /* phidgets */ = {
			isa = PBXGroup;
			children = (
				328DAA2B15C6FDD600E75A45 /* include */,
				328DAA2D15C6FDD600E75A45 /* lib */,
				328DAA4115C6FDD600E75A45 /* src */,
			);
			name = phidgets;
			path = ../../Cinder/blocks/phidgets;
			sourceTree = "<group>";
		};
		328DAA2B15C6FDD600E75A45 /* include */ = {
			isa = PBXGroup;
			children = (
				328DAA2C15C6FDD600E75A45 /* phidget21.h */,
			);
			path = include;
			sourceTree = "<group>";
		};
		328DAA2D15C6FDD600E75A45 /* lib */ = {
			isa = PBXGroup;
			children = (
				328DAA2E15C6FDD600E75A45 /* macosx */,
			);
			path = lib;
			sourceTree = "<group>";
		};
		328DAA2E15C6FDD600E75A45 /* macosx */ = {
			isa = PBXGroup;
			children = (
			);
			path = macosx;
			sourceTree = "<group>";
		};
		328DAA4115C6FDD600E75A45 /* src */ = {
			isa = PBXGroup;
			children = (
				3238EFFC15C712D6001BB4A1 /* PhidgetConnector.cpp */,
				3238EFFD15C712D6001BB4A1 /* PhidgetModel.cpp */,
				328DAA4215C6FDD600E75A45 /* PhidgetConnector.h */,
				328DAA4315C6FDD600E75A45 /* PhidgetModel.h */,
			);
			path = src;
			sourceTree = "<group>";
		};
/* End PBXGroup section */

/* Begin PBXNativeTarget section */
		8D1107260486CEB800E47090 /* CinderProject */ = {
			isa = PBXNativeTarget;
			buildConfigurationList = C01FCF4A08A954540054247B /* Build configuration list for PBXNativeTarget "CinderProject" */;
			buildPhases = (
				8D1107290486CEB800E47090 /* Resources */,
				8D11072C0486CEB800E47090 /* Sources */,
				8D11072E0486CEB800E47090 /* Frameworks */,
			);
			buildRules = (
			);
			dependencies = (
			);
			name = CinderProject;
			productInstallPath = "$(HOME)/Applications";
			productName = CinderProject;
			productReference = 8D1107320486CEB800E47090 /* CinderProject.app */;
			productType = "com.apple.product-type.application";
		};
/* End PBXNativeTarget section */

/* Begin PBXProject section */
		29B97313FDCFA39411CA2CEA /* Project object */ = {
			isa = PBXProject;
			attributes = {
				LastUpgradeCheck = 0430;
			};
			buildConfigurationList = C01FCF4E08A954540054247B /* Build configuration list for PBXProject "CinderProject" */;
			compatibilityVersion = "Xcode 3.2";
			developmentRegion = English;
			hasScannedForEncodings = 1;
			knownRegions = (
				en,
			);
			mainGroup = 29B97314FDCFA39411CA2CEA /* CinderProject */;
			projectDirPath = "";
			projectRoot = "";
			targets = (
				8D1107260486CEB800E47090 /* CinderProject */,
			);
		};
/* End PBXProject section */

/* Begin PBXResourcesBuildPhase section */
		8D1107290486CEB800E47090 /* Resources */ = {
			isa = PBXResourcesBuildPhase;
			buildActionMask = 2147483647;
			files = (
				00CCAF15116A9FEE008396D5 /* CinderApp.icns in Resources */,
				1B09CABC15A385920086B68B /* m1.mp4 in Resources */,
				1B09CABE15A385990086B68B /* m2.m4v in Resources */,
				1B09CAC015A385A10086B68B /* m3.mp4 in Resources */,
				1B1C425D15A73FF200CC936A /* USER_AREAS.xml in Resources */,
				328DA9F815C6F92300E75A45 /* active.png in Resources */,
				328DA9F915C6F92300E75A45 /* area_background.jpg in Resources */,
				328DA9FA15C6F92300E75A45 /* background.jpg in Resources */,
				328DA9FB15C6F92300E75A45 /* inactive.png in Resources */,
				3238F00115C71DFF001BB4A1 /* m1.mov in Resources */,
				3238F00315C71E45001BB4A1 /* m2.mov in Resources */,
				3238F00515C71E6B001BB4A1 /* m3.mov in Resources */,
				320B33D515C985CB003AB00F /* area_background.png in Resources */,
				320B342F15CC2EC9003AB00F /* active_area.png in Resources */,
				320B343715CC64F6003AB00F /* RECIPES.plist in Resources */,
			);
			runOnlyForDeploymentPostprocessing = 0;
		};
/* End PBXResourcesBuildPhase section */

/* Begin PBXSourcesBuildPhase section */
		8D11072C0486CEB800E47090 /* Sources */ = {
			isa = PBXSourcesBuildPhase;
			buildActionMask = 2147483647;
			files = (
				3238EFFE15C712D6001BB4A1 /* PhidgetConnector.cpp in Sources */,
				3238EFFF15C712D6001BB4A1 /* PhidgetModel.cpp in Sources */,
				320B342315CB128D003AB00F /* Button.cpp in Sources */,
				320B342415CB128D003AB00F /* CinderProjectApp.cpp in Sources */,
				320B342515CB128D003AB00F /* Image.cpp in Sources */,
				320B342615CB128D003AB00F /* TwoStateButton.cpp in Sources */,
				320B342715CB128D003AB00F /* UserArea.cpp in Sources */,
				320B342815CB128D003AB00F /* VideoPlayer.cpp in Sources */,
				320B342C15CB1CAF003AB00F /* GalleryHelper.cpp in Sources */,
				320B343215CC5E62003AB00F /* RecipeView.cpp in Sources */,
				329B28B615D00EC40021F656 /* AppModel.cpp in Sources */,
				3295E55415D01A1800B63297 /* RecipeModel.cpp in Sources */,
			);
			runOnlyForDeploymentPostprocessing = 0;
		};
/* End PBXSourcesBuildPhase section */

/* Begin XCBuildConfiguration section */
		C01FCF4B08A954540054247B /* Debug */ = {
			isa = XCBuildConfiguration;
			buildSettings = {
				COPY_PHASE_STRIP = NO;
				FRAMEWORK_SEARCH_PATHS = (
					"$(inherited)",
					"\"$(SRCROOT)/../../Cinder/blocks/phidgets/lib/macosx\"",
					"\"$(SRCROOT)/../../Cinder/blocks/phidgets/lib/macosx\"",
				);
				GCC_DYNAMIC_NO_PIC = NO;
				GCC_INLINES_ARE_PRIVATE_EXTERN = NO;
				GCC_MODEL_TUNING = G5;
				GCC_OPTIMIZATION_LEVEL = 0;
				GCC_PRECOMPILE_PREFIX_HEADER = YES;
				GCC_PREFIX_HEADER = CinderProject_Prefix.pch;
				GCC_SYMBOLS_PRIVATE_EXTERN = NO;
				INFOPLIST_FILE = Info.plist;
				INSTALL_PATH = "$(HOME)/Applications";
				OTHER_LDFLAGS = (
					"\"$(CINDER_PATH)/lib/libcinder_d.a\"",
					"-lcurl",
				);
				PRODUCT_NAME = CinderProject;
				SYMROOT = ./build;
				WRAPPER_EXTENSION = app;
			};
			name = Debug;
		};
		C01FCF4C08A954540054247B /* Release */ = {
			isa = XCBuildConfiguration;
			buildSettings = {
				DEAD_CODE_STRIPPING = YES;
				DEBUG_INFORMATION_FORMAT = "dwarf-with-dsym";
				FRAMEWORK_SEARCH_PATHS = (
					"$(inherited)",
					"\"$(SRCROOT)/../../Cinder/blocks/phidgets/lib/macosx\"",
					"\"$(SRCROOT)/../../Cinder/blocks/phidgets/lib/macosx\"",
				);
				GCC_FAST_MATH = YES;
				GCC_GENERATE_DEBUGGING_SYMBOLS = NO;
				GCC_INLINES_ARE_PRIVATE_EXTERN = NO;
				GCC_MODEL_TUNING = G5;
				GCC_OPTIMIZATION_LEVEL = 3;
				GCC_PRECOMPILE_PREFIX_HEADER = YES;
				GCC_PREFIX_HEADER = CinderProject_Prefix.pch;
				GCC_SYMBOLS_PRIVATE_EXTERN = NO;
				INFOPLIST_FILE = Info.plist;
				INSTALL_PATH = "$(HOME)/Applications";
				OTHER_LDFLAGS = (
					"\"$(CINDER_PATH)/lib/libcinder.a\"",
					"-lcurl",
				);
				PRODUCT_NAME = CinderProject;
				STRIP_INSTALLED_PRODUCT = YES;
				SYMROOT = ./build;
				WRAPPER_EXTENSION = app;
			};
			name = Release;
		};
		C01FCF4F08A954540054247B /* Debug */ = {
			isa = XCBuildConfiguration;
			buildSettings = {
				ALWAYS_SEARCH_USER_PATHS = NO;
				ARCHS = "$(ARCHS_STANDARD_32_BIT)";
				CINDER_PATH = "$(SOURCE_ROOT)/../../Cinder";
				GCC_WARN_ABOUT_RETURN_TYPE = YES;
				GCC_WARN_UNUSED_VARIABLE = YES;
				HEADER_SEARCH_PATHS = (
					"\"$(CINDER_PATH)/boost\"",
					../src,
				);
				MACOSX_DEPLOYMENT_TARGET = 10.6;
				SDKROOT = "";
				USER_HEADER_SEARCH_PATHS = "\"$(CINDER_PATH)/include\" ../include";
			};
			name = Debug;
		};
		C01FCF5008A954540054247B /* Release */ = {
			isa = XCBuildConfiguration;
			buildSettings = {
				ALWAYS_SEARCH_USER_PATHS = NO;
				ARCHS = "$(ARCHS_STANDARD_32_BIT)";
				CINDER_PATH = "$(SOURCE_ROOT)/../../Cinder";
				GCC_WARN_ABOUT_RETURN_TYPE = YES;
				GCC_WARN_UNUSED_VARIABLE = YES;
				HEADER_SEARCH_PATHS = (
					"\"$(CINDER_PATH)/boost\"",
					../src,
				);
				MACOSX_DEPLOYMENT_TARGET = 10.6;
				SDKROOT = "";
				USER_HEADER_SEARCH_PATHS = "\"$(CINDER_PATH)/include\" ../include";
			};
			name = Release;
		};
/* End XCBuildConfiguration section */

/* Begin XCConfigurationList section */
		C01FCF4A08A954540054247B /* Build configuration list for PBXNativeTarget "CinderProject" */ = {
			isa = XCConfigurationList;
			buildConfigurations = (
				C01FCF4B08A954540054247B /* Debug */,
				C01FCF4C08A954540054247B /* Release */,
			);
			defaultConfigurationIsVisible = 0;
			defaultConfigurationName = Release;
		};
		C01FCF4E08A954540054247B /* Build configuration list for PBXProject "CinderProject" */ = {
			isa = XCConfigurationList;
			buildConfigurations = (
				C01FCF4F08A954540054247B /* Debug */,
				C01FCF5008A954540054247B /* Release */,
			);
			defaultConfigurationIsVisible = 0;
			defaultConfigurationName = Release;
		};
/* End XCConfigurationList section */
	};
	rootObject = 29B97313FDCFA39411CA2CEA /* Project object */;
}
